{
  "name": "ckd-prediction-tool",
  "version": "1.0.0",
  "lockfileVersion": 2,
  "requires": true,
  "packages": {
    "": {
      "name": "ckd-prediction-tool",
      "version": "1.0.0",
      "license": "MIT",
      "dependencies": {
        "@capacitor/android": "^5.0.0",
        "@capacitor/app": "^5.0.0",
        "@capacitor/camera": "^5.0.0",
        "@capacitor/cli": "^5.0.0",
        "@capacitor/core": "^5.0.0",
        "@capacitor/device": "^5.0.0",
        "@capacitor/geolocation": "^5.0.0",
        "@capacitor/haptics": "^5.0.0",
        "@capacitor/ios": "^5.0.0",
        "@capacitor/share": "^5.0.0"
      },
      "devDependencies": {
        "eslint": "^8.56.0",
        "serve": "^14.2.0"
      }
    },
    "node_modules/@capacitor/android": {
      "version": "5.0.0",
      "resolved": "https://registry.npmjs.org/@capacitor/android/-/android-5.0.0.tgz",
      "integrity": "sha512-XXXXXXXXXXXXXXXXXXXXXXXXXXXXXXXXXXXXXXXXXXXXXXXXXXX"
    },
    "node_modules/@capacitor/app": {
      "version": "5.0.0",
      "resolved": "https://registry.npmjs.org/@capacitor/app/-/app-5.0.0.tgz",
      "integrity": "sha512-XXXXXXXXXXXXXXXXXXXXXXXXXXXXXXXXXXXXXXXXXXXXXXXXXXX"
    },
    "node_modules/@capacitor/camera": {
      "version": "5.0.0",
      "resolved": "https://registry.npmjs.org/@capacitor/camera/-/camera-5.0.0.tgz",
      "integrity": "sha512-XXXXXXXXXXXXXXXXXXXXXXXXXXXXXXXXXXXXXXXXXXXXXXXXXXX"
    },
    "node_modules/@capacitor/cli": {
      "version": "5.0.0",
      "resolved": "https://registry.npmjs.org/@capacitor/cli/-/cli-5.0.0.tgz",
      "integrity": "sha512-XXXXXXXXXXXXXXXXXXXXXXXXXXXXXXXXXXXXXXXXXXXXXXXXXXX",
      "bin": {
        "capacitor": "bin/capacitor"
      }
    },
    "node_modules/@capacitor/core": {
      "version": "5.0.0",
      "resolved": "https://registry.npmjs.org/@capacitor/core/-/core-5.0.0.tgz",
      "integrity": "sha512-XXXXXXXXXXXXXXXXXXXXXXXXXXXXXXXXXXXXXXXXXXXXXXXXXXX"
    },
    "node_modules/@capacitor/device": {
      "version": "5.0.0",
      "resolved": "https://registry.npmjs.org/@capacitor/device/-/device-5.0.0.tgz",
      "integrity": "sha512-XXXXXXXXXXXXXXXXXXXXXXXXXXXXXXXXXXXXXXXXXXXXXXXXXXX"
    },
    "node_modules/@capacitor/geolocation": {
      "version": "5.0.0",
      "resolved": "https://registry.npmjs.org/@capacitor/geolocation/-/geolocation-5.0.0.tgz",
      "integrity": "sha512-XXXXXXXXXXXXXXXXXXXXXXXXXXXXXXXXXXXXXXXXXXXXXXXXXXX"
    },
    "node_modules/@capacitor/haptics": {
      "version": "5.0.0",
      "resolved": "https://registry.npmjs.org/@capacitor/haptics/-/haptics-5.0.0.tgz",
      "integrity": "sha512-XXXXXXXXXXXXXXXXXXXXXXXXXXXXXXXXXXXXXXXXXXXXXXXXXXX"
    },
    "node_modules/@capacitor/ios": {
      "version": "5.0.0",
      "resolved": "https://registry.npmjs.org/@capacitor/ios/-/ios-5.0.0.tgz",
      "integrity": "sha512-XXXXXXXXXXXXXXXXXXXXXXXXXXXXXXXXXXXXXXXXXXXXXXXXXXX"
    },
    "node_modules/@capacitor/share": {
      "version": "5.0.0",
      "resolved": "https://registry.npmjs.org/@capacitor/share/-/share-5.0.0.tgz",
      "integrity": "sha512-XXXXXXXXXXXXXXXXXXXXXXXXXXXXXXXXXXXXXXXXXXXXXXXXXXX"
    },
    "node_modules/eslint": {
      "version": "8.56.0",
      "resolved": "https://registry.npmjs.org/eslint/-/eslint-8.56.0.tgz",
      "integrity": "sha512-XXXXXXXXXXXXXXXXXXXXXXXXXXXXXXXXXXXXXXXXXXXXXXXXXXX"
    },
    "node_modules/serve": {
      "version": "14.2.0",
      "resolved": "https://registry.npmjs.org/serve/-/serve-14.2.0.tgz",
      "integrity": "sha512-XXXXXXXXXXXXXXXXXXXXXXXXXXXXXXXXXXXXXXXXXXXXXXXXXXX"
    }
  }
}
